
Microsoft Visual Studio Solution File, Format Version 12.00
# Visual Studio 15
VisualStudioVersion = 15.0.27130.2036
MinimumVisualStudioVersion = 10.0.40219.1
Project("{9A19103F-16F7-4668-BE54-9A1E7A4F7556}") = "FileManager", "FileManager\FileManager.csproj", "{15191F94-C80D-4A0A-9A87-8F4204E1C36B}"
EndProject
Project("{FAE04EC0-301F-11D3-BF4B-00C04F79EFBC}") = "FileManager.AzureBlobStoreIntergration", "FileManager.AzureBlobStoreIntergration\FileManager.AzureBlobStoreIntergration.csproj", "{21BFFC8A-104D-4E90-8331-66A5B994C8EE}"
EndProject
Global
	GlobalSection(SolutionConfigurationPlatforms) = preSolution
		Debug|Any CPU = Debug|Any CPU
		Release|Any CPU = Release|Any CPU
	EndGlobalSection
	GlobalSection(ProjectConfigurationPlatforms) = postSolution
		{15191F94-C80D-4A0A-9A87-8F4204E1C36B}.Debug|Any CPU.ActiveCfg = Debug|Any CPU
		{15191F94-C80D-4A0A-9A87-8F4204E1C36B}.Debug|Any CPU.Build.0 = Debug|Any CPU
		{15191F94-C80D-4A0A-9A87-8F4204E1C36B}.Release|Any CPU.ActiveCfg = Release|Any CPU
		{15191F94-C80D-4A0A-9A87-8F4204E1C36B}.Release|Any CPU.Build.0 = Release|Any CPU
		{21BFFC8A-104D-4E90-8331-66A5B994C8EE}.Debug|Any CPU.ActiveCfg = Debug|Any CPU
		{21BFFC8A-104D-4E90-8331-66A5B994C8EE}.Debug|Any CPU.Build.0 = Debug|Any CPU
		{21BFFC8A-104D-4E90-8331-66A5B994C8EE}.Release|Any CPU.ActiveCfg = Release|Any CPU
		{21BFFC8A-104D-4E90-8331-66A5B994C8EE}.Release|Any CPU.Build.0 = Release|Any CPU
	EndGlobalSection
	GlobalSection(SolutionProperties) = preSolution
		HideSolutionNode = FALSE
	EndGlobalSection
	GlobalSection(ExtensibilityGlobals) = postSolution
		SolutionGuid = {C8300318-D5F7-4013-AFBF-8C5ABE05F5B9}
	EndGlobalSection
EndGlobal
